
Microsoft Visual Studio Solution File, Format Version 12.00
# Visual Studio Version 16
VisualStudioVersion = 16.0.31624.102
MinimumVisualStudioVersion = 10.0.40219.1
Project("{FAE04EC0-301F-11D3-BF4B-00C04F79EFBC}") = "Game of Dice", "Game of Dice\Game of Dice.csproj", "{AE429D35-319E-47C8-A538-E6F67EC1C294}"
EndProject
Global
	GlobalSection(SolutionConfigurationPlatforms) = preSolution
		Debug|Any CPU = Debug|Any CPU
		Release|Any CPU = Release|Any CPU
	EndGlobalSection
	GlobalSection(ProjectConfigurationPlatforms) = postSolution
		{AE429D35-319E-47C8-A538-E6F67EC1C294}.Debug|Any CPU.ActiveCfg = Debug|Any CPU
		{AE429D35-319E-47C8-A538-E6F67EC1C294}.Debug|Any CPU.Build.0 = Debug|Any CPU
		{AE429D35-319E-47C8-A538-E6F67EC1C294}.Release|Any CPU.ActiveCfg = Release|Any CPU
		{AE429D35-319E-47C8-A538-E6F67EC1C294}.Release|Any CPU.Build.0 = Release|Any CPU
	EndGlobalSection
	GlobalSection(SolutionProperties) = preSolution
		HideSolutionNode = FALSE
	EndGlobalSection
	GlobalSection(ExtensibilityGlobals) = postSolution
		SolutionGuid = {A9F522F5-83CE-4B60-84F6-588B8848AEE9}
	EndGlobalSection
EndGlobal
